
Microsoft Visual Studio Solution File, Format Version 12.00
# Visual Studio Version 16
VisualStudioVersion = 16.0.29424.173
MinimumVisualStudioVersion = 10.0.40219.1
Project("{FAE04EC0-301F-11D3-BF4B-00C04F79EFBC}") = "AETest.WebAPI", "AETest.WebAPI\AETest.WebAPI.csproj", "{54C2F330-70E8-41AD-8F64-98022E50CCEC}"
EndProject
Project("{FAE04EC0-301F-11D3-BF4B-00C04F79EFBC}") = "AETest.DataAccess", "AETest.DataAccess\AETest.DataAccess.csproj", "{9789ABEA-3A45-4848-B73E-21D882FF050E}"
EndProject
Project("{FAE04EC0-301F-11D3-BF4B-00C04F79EFBC}") = "AETest.Domain", "AETest.Domain\AETest.Domain.csproj", "{DE30A366-5742-4933-8A7F-95B2656D0EBE}"
EndProject
Project("{FAE04EC0-301F-11D3-BF4B-00C04F79EFBC}") = "AETest.WebAPI.Tests", "AETest.WebAPI.Tests\AETest.WebAPI.Tests.csproj", "{DB89A0AC-0030-49D5-98F2-2F1057FA5836}"
EndProject
Global
	GlobalSection(SolutionConfigurationPlatforms) = preSolution
		Debug|Any CPU = Debug|Any CPU
		Release|Any CPU = Release|Any CPU
	EndGlobalSection
	GlobalSection(ProjectConfigurationPlatforms) = postSolution
		{54C2F330-70E8-41AD-8F64-98022E50CCEC}.Debug|Any CPU.ActiveCfg = Debug|Any CPU
		{54C2F330-70E8-41AD-8F64-98022E50CCEC}.Debug|Any CPU.Build.0 = Debug|Any CPU
		{54C2F330-70E8-41AD-8F64-98022E50CCEC}.Release|Any CPU.ActiveCfg = Release|Any CPU
		{54C2F330-70E8-41AD-8F64-98022E50CCEC}.Release|Any CPU.Build.0 = Release|Any CPU
		{9789ABEA-3A45-4848-B73E-21D882FF050E}.Debug|Any CPU.ActiveCfg = Debug|Any CPU
		{9789ABEA-3A45-4848-B73E-21D882FF050E}.Debug|Any CPU.Build.0 = Debug|Any CPU
		{9789ABEA-3A45-4848-B73E-21D882FF050E}.Release|Any CPU.ActiveCfg = Release|Any CPU
		{9789ABEA-3A45-4848-B73E-21D882FF050E}.Release|Any CPU.Build.0 = Release|Any CPU
		{DE30A366-5742-4933-8A7F-95B2656D0EBE}.Debug|Any CPU.ActiveCfg = Debug|Any CPU
		{DE30A366-5742-4933-8A7F-95B2656D0EBE}.Debug|Any CPU.Build.0 = Debug|Any CPU
		{DE30A366-5742-4933-8A7F-95B2656D0EBE}.Release|Any CPU.ActiveCfg = Release|Any CPU
		{DE30A366-5742-4933-8A7F-95B2656D0EBE}.Release|Any CPU.Build.0 = Release|Any CPU
		{DB89A0AC-0030-49D5-98F2-2F1057FA5836}.Debug|Any CPU.ActiveCfg = Debug|Any CPU
		{DB89A0AC-0030-49D5-98F2-2F1057FA5836}.Debug|Any CPU.Build.0 = Debug|Any CPU
		{DB89A0AC-0030-49D5-98F2-2F1057FA5836}.Release|Any CPU.ActiveCfg = Release|Any CPU
		{DB89A0AC-0030-49D5-98F2-2F1057FA5836}.Release|Any CPU.Build.0 = Release|Any CPU
	EndGlobalSection
	GlobalSection(SolutionProperties) = preSolution
		HideSolutionNode = FALSE
	EndGlobalSection
	GlobalSection(ExtensibilityGlobals) = postSolution
		SolutionGuid = {B0740E58-BE17-4FC8-B60D-384F6178DAB5}
	EndGlobalSection
EndGlobal
